// !$*UTF8*$!
{
	archiveVersion = 1;
	classes = {
	};
	objectVersion = 56;
	objects = {

/* Begin PBXBuildFile section */
		B695C5822B98EABD00ED4244 /* ZookeeperApp.swift in Sources */ = {isa = PBXBuildFile; fileRef = B695C5812B98EABD00ED4244 /* ZookeeperApp.swift */; };
		B695C5842B98EABD00ED4244 /* ContentView.swift in Sources */ = {isa = PBXBuildFile; fileRef = B695C5832B98EABD00ED4244 /* ContentView.swift */; };
		B695C5862B98EABD00ED4244 /* Item.swift in Sources */ = {isa = PBXBuildFile; fileRef = B695C5852B98EABD00ED4244 /* Item.swift */; };
		B695C5882B98EABF00ED4244 /* Assets.xcassets in Resources */ = {isa = PBXBuildFile; fileRef = B695C5872B98EABF00ED4244 /* Assets.xcassets */; };
		B695C58B2B98EABF00ED4244 /* Preview Assets.xcassets in Resources */ = {isa = PBXBuildFile; fileRef = B695C58A2B98EABF00ED4244 /* Preview Assets.xcassets */; };
		B695C5952B98EABF00ED4244 /* ZookeeperTests.swift in Sources */ = {isa = PBXBuildFile; fileRef = B695C5942B98EABF00ED4244 /* ZookeeperTests.swift */; };
		B695C59F2B98EABF00ED4244 /* ZookeeperUITests.swift in Sources */ = {isa = PBXBuildFile; fileRef = B695C59E2B98EABF00ED4244 /* ZookeeperUITests.swift */; };
		B695C5A12B98EABF00ED4244 /* ZookeeperUITestsLaunchTests.swift in Sources */ = {isa = PBXBuildFile; fileRef = B695C5A02B98EABF00ED4244 /* ZookeeperUITestsLaunchTests.swift */; };
/* End PBXBuildFile section */

/* Begin PBXContainerItemProxy section */
		B695C5912B98EABF00ED4244 /* PBXContainerItemProxy */ = {
			isa = PBXContainerItemProxy;
			containerPortal = B695C5762B98EABD00ED4244 /* Project object */;
			proxyType = 1;
			remoteGlobalIDString = B695C57D2B98EABD00ED4244;
			remoteInfo = Zookeeper;
		};
		B695C59B2B98EABF00ED4244 /* PBXContainerItemProxy */ = {
			isa = PBXContainerItemProxy;
			containerPortal = B695C5762B98EABD00ED4244 /* Project object */;
			proxyType = 1;
			remoteGlobalIDString = B695C57D2B98EABD00ED4244;
			remoteInfo = Zookeeper;
		};
/* End PBXContainerItemProxy section */

/* Begin PBXFileReference section */
		B695C57E2B98EABD00ED4244 /* Zookeeper.app */ = {isa = PBXFileReference; explicitFileType = wrapper.application; includeInIndex = 0; path = Zookeeper.app; sourceTree = BUILT_PRODUCTS_DIR; };
		B695C5812B98EABD00ED4244 /* ZookeeperApp.swift */ = {isa = PBXFileReference; lastKnownFileType = sourcecode.swift; path = ZookeeperApp.swift; sourceTree = "<group>"; };
		B695C5832B98EABD00ED4244 /* ContentView.swift */ = {isa = PBXFileReference; lastKnownFileType = sourcecode.swift; path = ContentView.swift; sourceTree = "<group>"; };
		B695C5852B98EABD00ED4244 /* Item.swift */ = {isa = PBXFileReference; lastKnownFileType = sourcecode.swift; path = Item.swift; sourceTree = "<group>"; };
		B695C5872B98EABF00ED4244 /* Assets.xcassets */ = {isa = PBXFileReference; lastKnownFileType = folder.assetcatalog; path = Assets.xcassets; sourceTree = "<group>"; };
		B695C58A2B98EABF00ED4244 /* Preview Assets.xcassets */ = {isa = PBXFileReference; lastKnownFileType = folder.assetcatalog; path = "Preview Assets.xcassets"; sourceTree = "<group>"; };
		B695C5902B98EABF00ED4244 /* ZookeeperTests.xctest */ = {isa = PBXFileReference; explicitFileType = wrapper.cfbundle; includeInIndex = 0; path = ZookeeperTests.xctest; sourceTree = BUILT_PRODUCTS_DIR; };
		B695C5942B98EABF00ED4244 /* ZookeeperTests.swift */ = {isa = PBXFileReference; lastKnownFileType = sourcecode.swift; path = ZookeeperTests.swift; sourceTree = "<group>"; };
		B695C59A2B98EABF00ED4244 /* ZookeeperUITests.xctest */ = {isa = PBXFileReference; explicitFileType = wrapper.cfbundle; includeInIndex = 0; path = ZookeeperUITests.xctest; sourceTree = BUILT_PRODUCTS_DIR; };
		B695C59E2B98EABF00ED4244 /* ZookeeperUITests.swift */ = {isa = PBXFileReference; lastKnownFileType = sourcecode.swift; path = ZookeeperUITests.swift; sourceTree = "<group>"; };
		B695C5A02B98EABF00ED4244 /* ZookeeperUITestsLaunchTests.swift */ = {isa = PBXFileReference; lastKnownFileType = sourcecode.swift; path = ZookeeperUITestsLaunchTests.swift; sourceTree = "<group>"; };
/* End PBXFileReference section */

/* Begin PBXFrameworksBuildPhase section */
		B695C57B2B98EABD00ED4244 /* Frameworks */ = {
			isa = PBXFrameworksBuildPhase;
			buildActionMask = 2147483647;
			files = (
			);
			runOnlyForDeploymentPostprocessing = 0;
		};
		B695C58D2B98EABF00ED4244 /* Frameworks */ = {
			isa = PBXFrameworksBuildPhase;
			buildActionMask = 2147483647;
			files = (
			);
			runOnlyForDeploymentPostprocessing = 0;
		};
		B695C5972B98EABF00ED4244 /* Frameworks */ = {
			isa = PBXFrameworksBuildPhase;
			buildActionMask = 2147483647;
			files = (
			);
			runOnlyForDeploymentPostprocessing = 0;
		};
/* End PBXFrameworksBuildPhase section */

/* Begin PBXGroup section */
		B695C5752B98EABD00ED4244 = {
			isa = PBXGroup;
			children = (
				B695C5802B98EABD00ED4244 /* Zookeeper */,
				B695C5932B98EABF00ED4244 /* ZookeeperTests */,
				B695C59D2B98EABF00ED4244 /* ZookeeperUITests */,
				B695C57F2B98EABD00ED4244 /* Products */,
			);
			sourceTree = "<group>";
		};
		B695C57F2B98EABD00ED4244 /* Products */ = {
			isa = PBXGroup;
			children = (
				B695C57E2B98EABD00ED4244 /* Zookeeper.app */,
				B695C5902B98EABF00ED4244 /* ZookeeperTests.xctest */,
				B695C59A2B98EABF00ED4244 /* ZookeeperUITests.xctest */,
			);
			name = Products;
			sourceTree = "<group>";
		};
		B695C5802B98EABD00ED4244 /* Zookeeper */ = {
			isa = PBXGroup;
			children = (
				B695C5812B98EABD00ED4244 /* ZookeeperApp.swift */,
				B695C5832B98EABD00ED4244 /* ContentView.swift */,
				B695C5852B98EABD00ED4244 /* Item.swift */,
				B695C5872B98EABF00ED4244 /* Assets.xcassets */,
				B695C5892B98EABF00ED4244 /* Preview Content */,
			);
			path = Zookeeper;
			sourceTree = "<group>";
		};
		B695C5892B98EABF00ED4244 /* Preview Content */ = {
			isa = PBXGroup;
			children = (
				B695C58A2B98EABF00ED4244 /* Preview Assets.xcassets */,
			);
			path = "Preview Content";
			sourceTree = "<group>";
		};
		B695C5932B98EABF00ED4244 /* ZookeeperTests */ = {
			isa = PBXGroup;
			children = (
				B695C5942B98EABF00ED4244 /* ZookeeperTests.swift */,
			);
			path = ZookeeperTests;
			sourceTree = "<group>";
		};
		B695C59D2B98EABF00ED4244 /* ZookeeperUITests */ = {
			isa = PBXGroup;
			children = (
				B695C59E2B98EABF00ED4244 /* ZookeeperUITests.swift */,
				B695C5A02B98EABF00ED4244 /* ZookeeperUITestsLaunchTests.swift */,
			);
			path = ZookeeperUITests;
			sourceTree = "<group>";
		};
/* End PBXGroup section */

/* Begin PBXNativeTarget section */
		B695C57D2B98EABD00ED4244 /* Zookeeper */ = {
			isa = PBXNativeTarget;
			buildConfigurationList = B695C5A42B98EABF00ED4244 /* Build configuration list for PBXNativeTarget "Zookeeper" */;
			buildPhases = (
				B695C57A2B98EABD00ED4244 /* Sources */,
				B695C57B2B98EABD00ED4244 /* Frameworks */,
				B695C57C2B98EABD00ED4244 /* Resources */,
			);
			buildRules = (
			);
			dependencies = (
			);
			name = Zookeeper;
			productName = Zookeeper;
			productReference = B695C57E2B98EABD00ED4244 /* Zookeeper.app */;
			productType = "com.apple.product-type.application";
		};
		B695C58F2B98EABF00ED4244 /* ZookeeperTests */ = {
			isa = PBXNativeTarget;
			buildConfigurationList = B695C5A72B98EABF00ED4244 /* Build configuration list for PBXNativeTarget "ZookeeperTests" */;
			buildPhases = (
				B695C58C2B98EABF00ED4244 /* Sources */,
				B695C58D2B98EABF00ED4244 /* Frameworks */,
				B695C58E2B98EABF00ED4244 /* Resources */,
			);
			buildRules = (
			);
			dependencies = (
				B695C5922B98EABF00ED4244 /* PBXTargetDependency */,
			);
			name = ZookeeperTests;
			productName = ZookeeperTests;
			productReference = B695C5902B98EABF00ED4244 /* ZookeeperTests.xctest */;
			productType = "com.apple.product-type.bundle.unit-test";
		};
		B695C5992B98EABF00ED4244 /* ZookeeperUITests */ = {
			isa = PBXNativeTarget;
			buildConfigurationList = B695C5AA2B98EABF00ED4244 /* Build configuration list for PBXNativeTarget "ZookeeperUITests" */;
			buildPhases = (
				B695C5962B98EABF00ED4244 /* Sources */,
				B695C5972B98EABF00ED4244 /* Frameworks */,
				B695C5982B98EABF00ED4244 /* Resources */,
			);
			buildRules = (
			);
			dependencies = (
				B695C59C2B98EABF00ED4244 /* PBXTargetDependency */,
			);
			name = ZookeeperUITests;
			productName = ZookeeperUITests;
			productReference = B695C59A2B98EABF00ED4244 /* ZookeeperUITests.xctest */;
			productType = "com.apple.product-type.bundle.ui-testing";
		};
/* End PBXNativeTarget section */

/* Begin PBXProject section */
		B695C5762B98EABD00ED4244 /* Project object */ = {
			isa = PBXProject;
			attributes = {
				BuildIndependentTargetsInParallel = 1;
				LastSwiftUpdateCheck = 1520;
				LastUpgradeCheck = 1520;
				TargetAttributes = {
					B695C57D2B98EABD00ED4244 = {
						CreatedOnToolsVersion = 15.2;
					};
					B695C58F2B98EABF00ED4244 = {
						CreatedOnToolsVersion = 15.2;
						TestTargetID = B695C57D2B98EABD00ED4244;
					};
					B695C5992B98EABF00ED4244 = {
						CreatedOnToolsVersion = 15.2;
						TestTargetID = B695C57D2B98EABD00ED4244;
					};
				};
			};
			buildConfigurationList = B695C5792B98EABD00ED4244 /* Build configuration list for PBXProject "Zookeeper" */;
			compatibilityVersion = "Xcode 14.0";
			developmentRegion = en;
			hasScannedForEncodings = 0;
			knownRegions = (
				en,
				Base,
			);
			mainGroup = B695C5752B98EABD00ED4244;
			productRefGroup = B695C57F2B98EABD00ED4244 /* Products */;
			projectDirPath = "";
			projectRoot = "";
			targets = (
				B695C57D2B98EABD00ED4244 /* Zookeeper */,
				B695C58F2B98EABF00ED4244 /* ZookeeperTests */,
				B695C5992B98EABF00ED4244 /* ZookeeperUITests */,
			);
		};
/* End PBXProject section */

/* Begin PBXResourcesBuildPhase section */
		B695C57C2B98EABD00ED4244 /* Resources */ = {
			isa = PBXResourcesBuildPhase;
			buildActionMask = 2147483647;
			files = (
				B695C58B2B98EABF00ED4244 /* Preview Assets.xcassets in Resources */,
				B695C5882B98EABF00ED4244 /* Assets.xcassets in Resources */,
			);
			runOnlyForDeploymentPostprocessing = 0;
		};
		B695C58E2B98EABF00ED4244 /* Resources */ = {
			isa = PBXResourcesBuildPhase;
			buildActionMask = 2147483647;
			files = (
			);
			runOnlyForDeploymentPostprocessing = 0;
		};
		B695C5982B98EABF00ED4244 /* Resources */ = {
			isa = PBXResourcesBuildPhase;
			buildActionMask = 2147483647;
			files = (
			);
			runOnlyForDeploymentPostprocessing = 0;
		};
/* End PBXResourcesBuildPhase section */

/* Begin PBXSourcesBuildPhase section */
		B695C57A2B98EABD00ED4244 /* Sources */ = {
			isa = PBXSourcesBuildPhase;
			buildActionMask = 2147483647;
			files = (
				B695C5842B98EABD00ED4244 /* ContentView.swift in Sources */,
				B695C5862B98EABD00ED4244 /* Item.swift in Sources */,
				B695C5822B98EABD00ED4244 /* ZookeeperApp.swift in Sources */,
			);
			runOnlyForDeploymentPostprocessing = 0;
		};
		B695C58C2B98EABF00ED4244 /* Sources */ = {
			isa = PBXSourcesBuildPhase;
			buildActionMask = 2147483647;
			files = (
				B695C5952B98EABF00ED4244 /* ZookeeperTests.swift in Sources */,
			);
			runOnlyForDeploymentPostprocessing = 0;
		};
		B695C5962B98EABF00ED4244 /* Sources */ = {
			isa = PBXSourcesBuildPhase;
			buildActionMask = 2147483647;
			files = (
				B695C59F2B98EABF00ED4244 /* ZookeeperUITests.swift in Sources */,
				B695C5A12B98EABF00ED4244 /* ZookeeperUITestsLaunchTests.swift in Sources */,
			);
			runOnlyForDeploymentPostprocessing = 0;
		};
/* End PBXSourcesBuildPhase section */

/* Begin PBXTargetDependency section */
		B695C5922B98EABF00ED4244 /* PBXTargetDependency */ = {
			isa = PBXTargetDependency;
			target = B695C57D2B98EABD00ED4244 /* Zookeeper */;
			targetProxy = B695C5912B98EABF00ED4244 /* PBXContainerItemProxy */;
		};
		B695C59C2B98EABF00ED4244 /* PBXTargetDependency */ = {
			isa = PBXTargetDependency;
			target = B695C57D2B98EABD00ED4244 /* Zookeeper */;
			targetProxy = B695C59B2B98EABF00ED4244 /* PBXContainerItemProxy */;
		};
/* End PBXTargetDependency section */

/* Begin XCBuildConfiguration section */
		B695C5A22B98EABF00ED4244 /* Debug */ = {
			isa = XCBuildConfiguration;
			buildSettings = {
				ALWAYS_SEARCH_USER_PATHS = NO;
				ASSETCATALOG_COMPILER_GENERATE_SWIFT_ASSET_SYMBOL_EXTENSIONS = YES;
				CLANG_ANALYZER_NONNULL = YES;
				CLANG_ANALYZER_NUMBER_OBJECT_CONVERSION = YES_AGGRESSIVE;
				CLANG_CXX_LANGUAGE_STANDARD = "gnu++20";
				CLANG_ENABLE_MODULES = YES;
				CLANG_ENABLE_OBJC_ARC = YES;
				CLANG_ENABLE_OBJC_WEAK = YES;
				CLANG_WARN_BLOCK_CAPTURE_AUTORELEASING = YES;
				CLANG_WARN_BOOL_CONVERSION = YES;
				CLANG_WARN_COMMA = YES;
				CLANG_WARN_CONSTANT_CONVERSION = YES;
				CLANG_WARN_DEPRECATED_OBJC_IMPLEMENTATIONS = YES;
				CLANG_WARN_DIRECT_OBJC_ISA_USAGE = YES_ERROR;
				CLANG_WARN_DOCUMENTATION_COMMENTS = YES;
				CLANG_WARN_EMPTY_BODY = YES;
				CLANG_WARN_ENUM_CONVERSION = YES;
				CLANG_WARN_INFINITE_RECURSION = YES;
				CLANG_WARN_INT_CONVERSION = YES;
				CLANG_WARN_NON_LITERAL_NULL_CONVERSION = YES;
				CLANG_WARN_OBJC_IMPLICIT_RETAIN_SELF = YES;
				CLANG_WARN_OBJC_LITERAL_CONVERSION = YES;
				CLANG_WARN_OBJC_ROOT_CLASS = YES_ERROR;
				CLANG_WARN_QUOTED_INCLUDE_IN_FRAMEWORK_HEADER = YES;
				CLANG_WARN_RANGE_LOOP_ANALYSIS = YES;
				CLANG_WARN_STRICT_PROTOTYPES = YES;
				CLANG_WARN_SUSPICIOUS_MOVE = YES;
				CLANG_WARN_UNGUARDED_AVAILABILITY = YES_AGGRESSIVE;
				CLANG_WARN_UNREACHABLE_CODE = YES;
				CLANG_WARN__DUPLICATE_METHOD_MATCH = YES;
				COPY_PHASE_STRIP = NO;
				DEBUG_INFORMATION_FORMAT = dwarf;
				ENABLE_STRICT_OBJC_MSGSEND = YES;
				ENABLE_TESTABILITY = YES;
				ENABLE_USER_SCRIPT_SANDBOXING = YES;
				GCC_C_LANGUAGE_STANDARD = gnu17;
				GCC_DYNAMIC_NO_PIC = NO;
				GCC_NO_COMMON_BLOCKS = YES;
				GCC_OPTIMIZATION_LEVEL = 0;
				GCC_PREPROCESSOR_DEFINITIONS = (
					"DEBUG=1",
					"$(inherited)",
				);
				GCC_WARN_64_TO_32_BIT_CONVERSION = YES;
				GCC_WARN_ABOUT_RETURN_TYPE = YES_ERROR;
				GCC_WARN_UNDECLARED_SELECTOR = YES;
				GCC_WARN_UNINITIALIZED_AUTOS = YES_AGGRESSIVE;
				GCC_WARN_UNUSED_FUNCTION = YES;
				GCC_WARN_UNUSED_VARIABLE = YES;
				IPHONEOS_DEPLOYMENT_TARGET = 17.2;
				LOCALIZATION_PREFERS_STRING_CATALOGS = YES;
				MTL_ENABLE_DEBUG_INFO = INCLUDE_SOURCE;
				MTL_FAST_MATH = YES;
				ONLY_ACTIVE_ARCH = YES;
				SDKROOT = iphoneos;
				SWIFT_ACTIVE_COMPILATION_CONDITIONS = "DEBUG $(inherited)";
				SWIFT_OPTIMIZATION_LEVEL = "-Onone";
			};
			name = Debug;
		};
		B695C5A32B98EABF00ED4244 /* Release */ = {
			isa = XCBuildConfiguration;
			buildSettings = {
				ALWAYS_SEARCH_USER_PATHS = NO;
				ASSETCATALOG_COMPILER_GENERATE_SWIFT_ASSET_SYMBOL_EXTENSIONS = YES;
				CLANG_ANALYZER_NONNULL = YES;
				CLANG_ANALYZER_NUMBER_OBJECT_CONVERSION = YES_AGGRESSIVE;
				CLANG_CXX_LANGUAGE_STANDARD = "gnu++20";
				CLANG_ENABLE_MODULES = YES;
				CLANG_ENABLE_OBJC_ARC = YES;
				CLANG_ENABLE_OBJC_WEAK = YES;
				CLANG_WARN_BLOCK_CAPTURE_AUTORELEASING = YES;
				CLANG_WARN_BOOL_CONVERSION = YES;
				CLANG_WARN_COMMA = YES;
				CLANG_WARN_CONSTANT_CONVERSION = YES;
				CLANG_WARN_DEPRECATED_OBJC_IMPLEMENTATIONS = YES;
				CLANG_WARN_DIRECT_OBJC_ISA_USAGE = YES_ERROR;
				CLANG_WARN_DOCUMENTATION_COMMENTS = YES;
				CLANG_WARN_EMPTY_BODY = YES;
				CLANG_WARN_ENUM_CONVERSION = YES;
				CLANG_WARN_INFINITE_RECURSION = YES;
				CLANG_WARN_INT_CONVERSION = YES;
				CLANG_WARN_NON_LITERAL_NULL_CONVERSION = YES;
				CLANG_WARN_OBJC_IMPLICIT_RETAIN_SELF = YES;
				CLANG_WARN_OBJC_LITERAL_CONVERSION = YES;
				CLANG_WARN_OBJC_ROOT_CLASS = YES_ERROR;
				CLANG_WARN_QUOTED_INCLUDE_IN_FRAMEWORK_HEADER = YES;
				CLANG_WARN_RANGE_LOOP_ANALYSIS = YES;
				CLANG_WARN_STRICT_PROTOTYPES = YES;
				CLANG_WARN_SUSPICIOUS_MOVE = YES;
				CLANG_WARN_UNGUARDED_AVAILABILITY = YES_AGGRESSIVE;
				CLANG_WARN_UNREACHABLE_CODE = YES;
				CLANG_WARN__DUPLICATE_METHOD_MATCH = YES;
				COPY_PHASE_STRIP = NO;
				DEBUG_INFORMATION_FORMAT = "dwarf-with-dsym";
				ENABLE_NS_ASSERTIONS = NO;
				ENABLE_STRICT_OBJC_MSGSEND = YES;
				ENABLE_USER_SCRIPT_SANDBOXING = YES;
				GCC_C_LANGUAGE_STANDARD = gnu17;
				GCC_NO_COMMON_BLOCKS = YES;
				GCC_WARN_64_TO_32_BIT_CONVERSION = YES;
				GCC_WARN_ABOUT_RETURN_TYPE = YES_ERROR;
				GCC_WARN_UNDECLARED_SELECTOR = YES;
				GCC_WARN_UNINITIALIZED_AUTOS = YES_AGGRESSIVE;
				GCC_WARN_UNUSED_FUNCTION = YES;
				GCC_WARN_UNUSED_VARIABLE = YES;
				IPHONEOS_DEPLOYMENT_TARGET = 17.2;
				LOCALIZATION_PREFERS_STRING_CATALOGS = YES;
				MTL_ENABLE_DEBUG_INFO = NO;
				MTL_FAST_MATH = YES;
				SDKROOT = iphoneos;
				SWIFT_COMPILATION_MODE = wholemodule;
				VALIDATE_PRODUCT = YES;
			};
			name = Release;
		};
		B695C5A52B98EABF00ED4244 /* Debug */ = {
			isa = XCBuildConfiguration;
			buildSettings = {
				ASSETCATALOG_COMPILER_APPICON_NAME = AppIcon;
				ASSETCATALOG_COMPILER_GLOBAL_ACCENT_COLOR_NAME = AccentColor;
				CODE_SIGN_STYLE = Automatic;
				CURRENT_PROJECT_VERSION = 1;
				DEVELOPMENT_ASSET_PATHS = "\"Zookeeper/Preview Content\"";
				ENABLE_PREVIEWS = YES;
				GENERATE_INFOPLIST_FILE = YES;
				INFOPLIST_KEY_UIApplicationSceneManifest_Generation = YES;
				INFOPLIST_KEY_UIApplicationSupportsIndirectInputEvents = YES;
				INFOPLIST_KEY_UILaunchScreen_Generation = YES;
				INFOPLIST_KEY_UISupportedInterfaceOrientations_iPad = "UIInterfaceOrientationPortrait UIInterfaceOrientationPortraitUpsideDown UIInterfaceOrientationLandscapeLeft UIInterfaceOrientationLandscapeRight";
				INFOPLIST_KEY_UISupportedInterfaceOrientations_iPhone = "UIInterfaceOrientationPortrait UIInterfaceOrientationLandscapeLeft UIInterfaceOrientationLandscapeRight";
				LD_RUNPATH_SEARCH_PATHS = (
					"$(inherited)",
					"@executable_path/Frameworks",
				);
				MARKETING_VERSION = 1.0;
				PRODUCT_BUNDLE_IDENTIFIER = phredTsui.Zookeeper;
				PRODUCT_NAME = "$(TARGET_NAME)";
				SWIFT_EMIT_LOC_STRINGS = YES;
				SWIFT_VERSION = 5.0;
				TARGETED_DEVICE_FAMILY = "1,2";
			};
			name = Debug;
		};
		B695C5A62B98EABF00ED4244 /* Release */ = {
			isa = XCBuildConfiguration;
			buildSettings = {
				ASSETCATALOG_COMPILER_APPICON_NAME = AppIcon;
				ASSETCATALOG_COMPILER_GLOBAL_ACCENT_COLOR_NAME = AccentColor;
				CODE_SIGN_STYLE = Automatic;
				CURRENT_PROJECT_VERSION = 1;
				DEVELOPMENT_ASSET_PATHS = "\"Zookeeper/Preview Content\"";
				ENABLE_PREVIEWS = YES;
				GENERATE_INFOPLIST_FILE = YES;
				INFOPLIST_KEY_UIApplicationSceneManifest_Generation = YES;
				INFOPLIST_KEY_UIApplicationSupportsIndirectInputEvents = YES;
				INFOPLIST_KEY_UILaunchScreen_Generation = YES;
				INFOPLIST_KEY_UISupportedInterfaceOrientations_iPad = "UIInterfaceOrientationPortrait UIInterfaceOrientationPortraitUpsideDown UIInterfaceOrientationLandscapeLeft UIInterfaceOrientationLandscapeRight";
				INFOPLIST_KEY_UISupportedInterfaceOrientations_iPhone = "UIInterfaceOrientationPortrait UIInterfaceOrientationLandscapeLeft UIInterfaceOrientationLandscapeRight";
				LD_RUNPATH_SEARCH_PATHS = (
					"$(inherited)",
					"@executable_path/Frameworks",
				);
				MARKETING_VERSION = 1.0;
				PRODUCT_BUNDLE_IDENTIFIER = phredTsui.Zookeeper;
				PRODUCT_NAME = "$(TARGET_NAME)";
				SWIFT_EMIT_LOC_STRINGS = YES;
				SWIFT_VERSION = 5.0;
				TARGETED_DEVICE_FAMILY = "1,2";
			};
			name = Release;
		};
		B695C5A82B98EABF00ED4244 /* Debug */ = {
			isa = XCBuildConfiguration;
			buildSettings = {
				ALWAYS_EMBED_SWIFT_STANDARD_LIBRARIES = YES;
				BUNDLE_LOADER = "$(TEST_HOST)";
				CODE_SIGN_STYLE = Automatic;
				CURRENT_PROJECT_VERSION = 1;
				GENERATE_INFOPLIST_FILE = YES;
				IPHONEOS_DEPLOYMENT_TARGET = 17.2;
				MARKETING_VERSION = 1.0;
				PRODUCT_BUNDLE_IDENTIFIER = phredTsui.ZookeeperTests;
				PRODUCT_NAME = "$(TARGET_NAME)";
				SWIFT_EMIT_LOC_STRINGS = NO;
				SWIFT_VERSION = 5.0;
				TARGETED_DEVICE_FAMILY = "1,2";
				TEST_HOST = "$(BUILT_PRODUCTS_DIR)/Zookeeper.app/$(BUNDLE_EXECUTABLE_FOLDER_PATH)/Zookeeper";
			};
			name = Debug;
		};
		B695C5A92B98EABF00ED4244 /* Release */ = {
			isa = XCBuildConfiguration;
			buildSettings = {
				ALWAYS_EMBED_SWIFT_STANDARD_LIBRARIES = YES;
				BUNDLE_LOADER = "$(TEST_HOST)";
				CODE_SIGN_STYLE = Automatic;
				CURRENT_PROJECT_VERSION = 1;
				GENERATE_INFOPLIST_FILE = YES;
				IPHONEOS_DEPLOYMENT_TARGET = 17.2;
				MARKETING_VERSION = 1.0;
				PRODUCT_BUNDLE_IDENTIFIER = phredTsui.ZookeeperTests;
				PRODUCT_NAME = "$(TARGET_NAME)";
				SWIFT_EMIT_LOC_STRINGS = NO;
				SWIFT_VERSION = 5.0;
				TARGETED_DEVICE_FAMILY = "1,2";
				TEST_HOST = "$(BUILT_PRODUCTS_DIR)/Zookeeper.app/$(BUNDLE_EXECUTABLE_FOLDER_PATH)/Zookeeper";
			};
			name = Release;
		};
		B695C5AB2B98EABF00ED4244 /* Debug */ = {
			isa = XCBuildConfiguration;
			buildSettings = {
				ALWAYS_EMBED_SWIFT_STANDARD_LIBRARIES = YES;
				CODE_SIGN_STYLE = Automatic;
				CURRENT_PROJECT_VERSION = 1;
				GENERATE_INFOPLIST_FILE = YES;
				MARKETING_VERSION = 1.0;
				PRODUCT_BUNDLE_IDENTIFIER = phredTsui.ZookeeperUITests;
				PRODUCT_NAME = "$(TARGET_NAME)";
				SWIFT_EMIT_LOC_STRINGS = NO;
				SWIFT_VERSION = 5.0;
				TARGETED_DEVICE_FAMILY = "1,2";
				TEST_TARGET_NAME = Zookeeper;
			};
			name = Debug;
		};
		B695C5AC2B98EABF00ED4244 /* Release */ = {
			isa = XCBuildConfiguration;
			buildSettings = {
				ALWAYS_EMBED_SWIFT_STANDARD_LIBRARIES = YES;
				CODE_SIGN_STYLE = Automatic;
				CURRENT_PROJECT_VERSION = 1;
				GENERATE_INFOPLIST_FILE = YES;
				MARKETING_VERSION = 1.0;
				PRODUCT_BUNDLE_IDENTIFIER = phredTsui.ZookeeperUITests;
				PRODUCT_NAME = "$(TARGET_NAME)";
				SWIFT_EMIT_LOC_STRINGS = NO;
				SWIFT_VERSION = 5.0;
				TARGETED_DEVICE_FAMILY = "1,2";
				TEST_TARGET_NAME = Zookeeper;
			};
			name = Release;
		};
/* End XCBuildConfiguration section */

/* Begin XCConfigurationList section */
		B695C5792B98EABD00ED4244 /* Build configuration list for PBXProject "Zookeeper" */ = {
			isa = XCConfigurationList;
			buildConfigurations = (
				B695C5A22B98EABF00ED4244 /* Debug */,
				B695C5A32B98EABF00ED4244 /* Release */,
			);
			defaultConfigurationIsVisible = 0;
			defaultConfigurationName = Release;
		};
		B695C5A42B98EABF00ED4244 /* Build configuration list for PBXNativeTarget "Zookeeper" */ = {
			isa = XCConfigurationList;
			buildConfigurations = (
				B695C5A52B98EABF00ED4244 /* Debug */,
				B695C5A62B98EABF00ED4244 /* Release */,
			);
			defaultConfigurationIsVisible = 0;
			defaultConfigurationName = Release;
		};
		B695C5A72B98EABF00ED4244 /* Build configuration list for PBXNativeTarget "ZookeeperTests" */ = {
			isa = XCConfigurationList;
			buildConfigurations = (
				B695C5A82B98EABF00ED4244 /* Debug */,
				B695C5A92B98EABF00ED4244 /* Release */,
			);
			defaultConfigurationIsVisible = 0;
			defaultConfigurationName = Release;
		};
		B695C5AA2B98EABF00ED4244 /* Build configuration list for PBXNativeTarget "ZookeeperUITests" */ = {
			isa = XCConfigurationList;
			buildConfigurations = (
				B695C5AB2B98EABF00ED4244 /* Debug */,
				B695C5AC2B98EABF00ED4244 /* Release */,
			);
			defaultConfigurationIsVisible = 0;
			defaultConfigurationName = Release;
		};
/* End XCConfigurationList section */
	};
	rootObject = B695C5762B98EABD00ED4244 /* Project object */;
}
